<?xml version="1.0" encoding="utf-8"?>
<Project ToolsVersion="4.0" xmlns="http://schemas.microsoft.com/developer/msbuild/2003">
  <ItemGroup>
    <Filter Include="ソース ファイル">
      <UniqueIdentifier>{4FC737F1-C7A5-4376-A066-2A32D752A2FF}</UniqueIdentifier>
      <Extensions>cpp;c;cc;cxx;def;odl;idl;hpj;bat;asm;asmx</Extensions>
    </Filter>
    <Filter Include="リソース ファイル">
      <UniqueIdentifier>{67DA6AB6-F800-4c08-8B7A-83BB121AAD01}</UniqueIdentifier>
      <Extensions>rc;ico;cur;bmp;dlg;rc2;rct;bin;rgs;gif;jpg;jpeg;jpe;resx;tiff;tif;png;wav;mfcribbon-ms</Extensions>
    </Filter>
    <Filter Include="ソース ファイル\Base">
      <UniqueIdentifier>{9368784c-9b4a-42d8-8625-aa59fd94cf23}</UniqueIdentifier>
    </Filter>
    <Filter Include="ソース ファイル\scene3D">
      <UniqueIdentifier>{177328fd-eec9-43b5-8bd7-71202973d22a}</UniqueIdentifier>
    </Filter>
    <Filter Include="ソース ファイル\polygon2D">
      <UniqueIdentifier>{f46f85df-3960-4ce7-a240-f60a3a024293}</UniqueIdentifier>
    </Filter>
    <Filter Include="ソース ファイル\input">
      <UniqueIdentifier>{fb95185a-8d02-46ca-beb4-e91c51617404}</UniqueIdentifier>
    </Filter>
  </ItemGroup>
  <ItemGroup>
    <ClCompile Include="testObj.cpp">
      <Filter>ソース ファイル\scene3D</Filter>
    </ClCompile>
    <ClCompile Include="light.cpp">
      <Filter>ソース ファイル\Base</Filter>
    </ClCompile>
    <ClCompile Include="main.cpp">
      <Filter>ソース ファイル\Base</Filter>
    </ClCompile>
    <ClCompile Include="manager.cpp">
      <Filter>ソース ファイル\Base</Filter>
    </ClCompile>
    <ClCompile Include="object.cpp">
      <Filter>ソース ファイル\Base</Filter>
    </ClCompile>
    <ClCompile Include="renderer.cpp">
      <Filter>ソース ファイル\Base</Filter>
    </ClCompile>
    <ClCompile Include="camera.cpp">
      <Filter>ソース ファイル\Base</Filter>
    </ClCompile>
    <ClCompile Include="input.cpp">
      <Filter>ソース ファイル\input</Filter>
    </ClCompile>
    <ClCompile Include="keyboard.cpp">
      <Filter>ソース ファイル\input</Filter>
    </ClCompile>
    <ClCompile Include="polygon2d.cpp">
      <Filter>ソース ファイル\polygon2D</Filter>
    </ClCompile>
    <ClCompile Include="scene3d.cpp">
      <Filter>ソース ファイル\scene3D</Filter>
    </ClCompile>
    <ClCompile Include="library.cpp">
      <Filter>ソース ファイル</Filter>
    </ClCompile>
    <ClCompile Include="billboard.cpp">
      <Filter>ソース ファイル\scene3D</Filter>
    </ClCompile>
    <ClCompile Include="player.cpp">
      <Filter>ソース ファイル\scene3D</Filter>
    </ClCompile>
  </ItemGroup>
  <ItemGroup>
    <ClInclude Include="testObj.h">
      <Filter>ソース ファイル\scene3D</Filter>
    </ClInclude>
    <ClInclude Include="light.h">
      <Filter>ソース ファイル\Base</Filter>
    </ClInclude>
    <ClInclude Include="main.h">
      <Filter>ソース ファイル\Base</Filter>
    </ClInclude>
    <ClInclude Include="manager.h">
      <Filter>ソース ファイル\Base</Filter>
    </ClInclude>
    <ClInclude Include="object.h">
      <Filter>ソース ファイル\Base</Filter>
    </ClInclude>
    <ClInclude Include="renderer.h">
      <Filter>ソース ファイル\Base</Filter>
    </ClInclude>
    <ClInclude Include="camera.h">
      <Filter>ソース ファイル\Base</Filter>
    </ClInclude>
    <ClInclude Include="input.h">
      <Filter>ソース ファイル\input</Filter>
    </ClInclude>
    <ClInclude Include="keyboard.h">
      <Filter>ソース ファイル\input</Filter>
    </ClInclude>
    <ClInclude Include="polygon2d.h">
      <Filter>ソース ファイル\polygon2D</Filter>
    </ClInclude>
    <ClInclude Include="scene3d.h">
      <Filter>ソース ファイル\scene3D</Filter>
    </ClInclude>
    <ClInclude Include="library.h">
      <Filter>ソース ファイル</Filter>
    </ClInclude>
    <ClInclude Include="billboard.h">
      <Filter>ソース ファイル\scene3D</Filter>
    </ClInclude>
    <ClInclude Include="player.h">
      <Filter>ソース ファイル\scene3D</Filter>
    </ClInclude>
  </ItemGroup>
</Project>